PODS:
  - audio_session (0.0.1):
    - Flutter
  - DKImagePickerController/Core (4.3.9):
    - DKImagePickerController/ImageDataManager
    - DKImagePickerController/Resource
  - DKImagePickerController/ImageDataManager (4.3.9)
  - DKImagePickerController/PhotoGallery (4.3.9):
    - DKImagePickerController/Core
    - DKPhotoGallery
  - DKImagePickerController/Resource (4.3.9)
  - DKPhotoGallery (0.0.19):
    - DKPhotoGallery/Core (= 0.0.19)
    - DKPhotoGallery/Model (= 0.0.19)
    - DKPhotoGallery/Preview (= 0.0.19)
    - DKPhotoGallery/Resource (= 0.0.19)
    - SDWebImage
    - SwiftyGif
  - DKPhotoGallery/Core (0.0.19):
    - DKPhotoGallery/Model
    - DKPhotoGallery/Preview
    - SDWebImage
    - SwiftyGif
  - DKPhotoGallery/Model (0.0.19):
    - SDWebImage
    - SwiftyGif
  - DKPhotoGallery/Preview (0.0.19):
    - DKPhotoGallery/Model
    - DKPhotoGallery/Resource
    - SDWebImage
    - SwiftyGif
  - DKPhotoGallery/Resource (0.0.19):
    - SDWebImage
    - SwiftyGif
  - file_picker (0.0.1):
    - DKImagePickerController/PhotoGallery
    - Flutter
  - Flutter (1.0.0)
  - gal (1.0.0):
    - Flutter
    - FlutterMacOS
  - geolocator_apple (1.2.0):
    - Flutter
    - FlutterMacOS
  - image_picker_ios (0.0.1):
    - Flutter
  - just_audio (0.0.1):
    - Flutter
    - FlutterMacOS
  - mobile_scanner (7.0.0):
    - Flutter
    - FlutterMacOS
  - package_info_plus (0.4.5):
    - Flutter
  - path_provider_foundation (0.0.1):
    - Flutter
    - FlutterMacOS
  - permission_handler_apple (9.4.8):
    - Flutter
  - record_ios (1.2.1):
    - Flutter
  - SDWebImage (5.21.2):
    - SDWebImage/Core (= 5.21.2)
  - SDWebImage/Core (5.21.2)
  - SwiftyGif (5.4.5)
  - url_launcher_ios (0.0.1):
    - Flutter

DEPENDENCIES:
  - audio_session (from `.symlinks/plugins/audio_session/ios`)
  - file_picker (from `.symlinks/plugins/file_picker/ios`)
  - Flutter (from `Flutter`)
  - gal (from `.symlinks/plugins/gal/darwin`)
  - geolocator_apple (from `.symlinks/plugins/geolocator_apple/darwin`)
  - image_picker_ios (from `.symlinks/plugins/image_picker_ios/ios`)
  - just_audio (from `.symlinks/plugins/just_audio/darwin`)
  - mobile_scanner (from `.symlinks/plugins/mobile_scanner/darwin`)
  - package_info_plus (from `.symlinks/plugins/package_info_plus/ios`)
  - path_provider_foundation (from `.symlinks/plugins/path_provider_foundation/darwin`)
  - permission_handler_apple (from `.symlinks/plugins/permission_handler_apple/ios`)
  - record_ios (from `.symlinks/plugins/record_ios/ios`)
  - url_launcher_ios (from `.symlinks/plugins/url_launcher_ios/ios`)

SPEC REPOS:
  trunk:
    - DKImagePickerController
    - DKPhotoGallery
    - SDWebImage
    - SwiftyGif

EXTERNAL SOURCES:
  audio_session:
    :path: ".symlinks/plugins/audio_session/ios"
  file_picker:
    :path: ".symlinks/plugins/file_picker/ios"
  Flutter:
    :path: Flutter
  gal:
    :path: ".symlinks/plugins/gal/darwin"
  geolocator_apple:
    :path: ".symlinks/plugins/geolocator_apple/darwin"
  image_picker_ios:
    :path: ".symlinks/plugins/image_picker_ios/ios"
  just_audio:
    :path: ".symlinks/plugins/just_audio/darwin"
  mobile_scanner:
    :path: ".symlinks/plugins/mobile_scanner/darwin"
  package_info_plus:
    :path: ".symlinks/plugins/package_info_plus/ios"
  path_provider_foundation:
    :path: ".symlinks/plugins/path_provider_foundation/darwin"
  permission_handler_apple:
    :path: ".symlinks/plugins/permission_handler_apple/ios"
  record_ios:
    :path: ".symlinks/plugins/record_ios/ios"
  url_launcher_ios:
    :path: ".symlinks/plugins/url_launcher_ios/ios"

SPEC CHECKSUMS:
  audio_session: 19e9480dbdd4e5f6c4543826b2e8b0e4ab6145fe
  DKImagePickerController: 946cec48c7873164274ecc4624d19e3da4c1ef3c
  DKPhotoGallery: b3834fecb755ee09a593d7c9e389d8b5d6deed60
  file_picker: b159e0c068aef54932bb15dc9fd1571818edaf49
  Flutter: cabc95a1d2626b1b06e7179b784ebcf0c0cde467
  gal: 6a522c75909f1244732d4596d11d6a2f86ff37a5
  geolocator_apple: 66b711889fd333205763b83c9dcf0a57a28c7afd
  image_picker_ios: 4f2f91b01abdb52842a8e277617df877e40f905b
  just_audio: a42c63806f16995daf5b219ae1d679deb76e6a79
  mobile_scanner: 77265f3dc8d580810e91849d4a0811a90467ed5e
  package_info_plus: c0502532a26c7662a62a356cebe2692ec5fe4ec4
  path_provider_foundation: 0b743cbb62d8e47eab856f09262bb8c1ddcfe6ba
  permission_handler_apple: ee2fe0fd04551b304eb002714ff067c371c822ed
  record_ios: 3b171007ae5de51221a3a76d2b379a7105ca98b5
  SDWebImage: 9f177d83116802728e122410fb25ad88f5c7608a
  SwiftyGif: 706c60cf65fa2bc5ee0313beece843c8eb8194d4
  url_launcher_ios: bb13df5870e8c4234ca12609d04010a21be43dfa

PODFILE CHECKSUM: 32e50d1b67895f7106f26772ad2eb009500837ac

COCOAPODS: 1.16.2
